
Microsoft Visual Studio Solution File, Format Version 12.00
# Visual Studio Version 17
VisualStudioVersion = 17.13.35931.197 d17.13
MinimumVisualStudioVersion = 10.0.40219.1
Project("{54A90642-561A-4BB1-A94E-469ADEE60C69}") = "pharmacymanagement.client", "pharmacymanagement.client\pharmacymanagement.client.esproj", "{1DD44EBA-8221-42D0-CB92-F1433CA1A2FE}"
EndProject
Project("{FAE04EC0-301F-11D3-BF4B-00C04F79EFBC}") = "PharmacyManagement.Server", "PharmacyManagement.Server\PharmacyManagement.Server.csproj", "{E27FA913-01D3-401D-8F0D-7BC724E527C5}"
EndProject
Global
	GlobalSection(SolutionConfigurationPlatforms) = preSolution
		Debug|Any CPU = Debug|Any CPU
		Release|Any CPU = Release|Any CPU
	EndGlobalSection
	GlobalSection(ProjectConfigurationPlatforms) = postSolution
		{1DD44EBA-8221-42D0-CB92-F1433CA1A2FE}.Debug|Any CPU.ActiveCfg = Debug|Any CPU
		{1DD44EBA-8221-42D0-CB92-F1433CA1A2FE}.Debug|Any CPU.Build.0 = Debug|Any CPU
		{1DD44EBA-8221-42D0-CB92-F1433CA1A2FE}.Debug|Any CPU.Deploy.0 = Debug|Any CPU
		{1DD44EBA-8221-42D0-CB92-F1433CA1A2FE}.Release|Any CPU.ActiveCfg = Release|Any CPU
		{1DD44EBA-8221-42D0-CB92-F1433CA1A2FE}.Release|Any CPU.Build.0 = Release|Any CPU
		{1DD44EBA-8221-42D0-CB92-F1433CA1A2FE}.Release|Any CPU.Deploy.0 = Release|Any CPU
		{E27FA913-01D3-401D-8F0D-7BC724E527C5}.Debug|Any CPU.ActiveCfg = Debug|Any CPU
		{E27FA913-01D3-401D-8F0D-7BC724E527C5}.Debug|Any CPU.Build.0 = Debug|Any CPU
		{E27FA913-01D3-401D-8F0D-7BC724E527C5}.Release|Any CPU.ActiveCfg = Release|Any CPU
		{E27FA913-01D3-401D-8F0D-7BC724E527C5}.Release|Any CPU.Build.0 = Release|Any CPU
	EndGlobalSection
	GlobalSection(SolutionProperties) = preSolution
		HideSolutionNode = FALSE
	EndGlobalSection
	GlobalSection(ExtensibilityGlobals) = postSolution
		SolutionGuid = {CB0A2E98-808B-435A-8991-27EDDC8936D2}
	EndGlobalSection
EndGlobal
